
Microsoft Visual Studio Solution File, Format Version 12.00
# Visual Studio Version 16
VisualStudioVersion = 16.0.30804.86
MinimumVisualStudioVersion = 10.0.40219.1
Project("{FAE04EC0-301F-11D3-BF4B-00C04F79EFBC}") = "WebAPI", "WebAPI\WebAPI.csproj", "{111E0B9E-4238-45DB-8C08-7CE89008AB58}"
EndProject
Global
	GlobalSection(SolutionConfigurationPlatforms) = preSolution
		Debug|Any CPU = Debug|Any CPU
		Release|Any CPU = Release|Any CPU
	EndGlobalSection
	GlobalSection(ProjectConfigurationPlatforms) = postSolution
		{111E0B9E-4238-45DB-8C08-7CE89008AB58}.Debug|Any CPU.ActiveCfg = Debug|Any CPU
		{111E0B9E-4238-45DB-8C08-7CE89008AB58}.Debug|Any CPU.Build.0 = Debug|Any CPU
		{111E0B9E-4238-45DB-8C08-7CE89008AB58}.Release|Any CPU.ActiveCfg = Release|Any CPU
		{111E0B9E-4238-45DB-8C08-7CE89008AB58}.Release|Any CPU.Build.0 = Release|Any CPU
	EndGlobalSection
	GlobalSection(SolutionProperties) = preSolution
		HideSolutionNode = FALSE
	EndGlobalSection
	GlobalSection(ExtensibilityGlobals) = postSolution
		SolutionGuid = {94235704-1E53-47D8-B622-059A69E8E0B5}
	EndGlobalSection
EndGlobal
